PODS:
  - Alamofire (4.2.0)
  - RATreeView (2.1.2)

DEPENDENCIES:
  - Alamofire (~> 4.0)
  - RATreeView (~> 2.1.0)

SPEC CHECKSUMS:
  Alamofire: aa2e09d871c9160ac53c90e83c68064a94e3dfbe
  RATreeView: 380cde0090cfde21dc6ac29137f49d3b768fdd28

PODFILE CHECKSUM: 70aa961faf17541b08a2ccc2ae3510b36ce0ad40

COCOAPODS: 1.1.1
